# THIS IS AN AUTOGENERATED FILE. DO NOT EDIT THIS FILE DIRECTLY.
# yarn lockfile v1


"@types/react-native-sqlite-storage@^3.3.1":
  version "3.3.1"
  resolved "https://registry.yarnpkg.com/@types/react-native-sqlite-storage/-/react-native-sqlite-storage-3.3.1.tgz#6d0cc439780c34d187de52e74a5f10527045f96b"
  integrity sha512-IZMfZb1v1pkBzUsg8nV84QTtkfdU18A7L7iKCQ89sDYIoVpKDiiSvJitmzPTsNw8uuaU+eZW4nqptZFbmnjF3w==

base64-js@0.0.8:
  version "0.0.8"
  resolved "https://registry.yarnpkg.com/base64-js/-/base64-js-0.0.8.tgz#1101e9544f4a76b1bc3b26d452ca96d7a35e7978"
  integrity sha1-EQHpVE9KdrG8OybUUsqW16NeeXg=

bplist-creator@0.0.4:
  version "0.0.4"
  resolved "https://registry.yarnpkg.com/bplist-creator/-/bplist-creator-0.0.4.tgz#4ac0496782e127a85c1d2026a4f5eb22a7aff991"
  integrity sha1-SsBJZ4LhJ6hcHSAmpPXrIqev+ZE=
  dependencies:
    stream-buffers "~0.2.3"

bplist-parser@0.0.6:
  version "0.0.6"
  resolved "https://registry.yarnpkg.com/bplist-parser/-/bplist-parser-0.0.6.tgz#38da3471817df9d44ab3892e27707bbbd75a11b9"
  integrity sha1-ONo0cYF9+dRKs4kuJ3B7u9daEbk=

lodash@^3.5.0:
  version "3.10.1"
  resolved "https://registry.yarnpkg.com/lodash/-/lodash-3.10.1.tgz#5bf45e8e49ba4189e17d482789dfd15bd140b7b6"
  integrity sha1-W/Rejkm6QYnhfUgnid/RW9FAt7Y=

mobx@^5.10.1:
  version "5.10.1"
  resolved "https://registry.yarnpkg.com/mobx/-/mobx-5.10.1.tgz#eb0e2ff76fe376d0a42c941533260deeae5956d8"
  integrity sha512-L+akEGxdkKYssejgW9ayRPx5cZYJfxvTmdBUeR3S9oeumScV7Jj57yPeh9WMEk6NWeG8Wx3H0cWhqs0pftbtmg==

node-uuid@1.4.7:
  version "1.4.7"
  resolved "https://registry.yarnpkg.com/node-uuid/-/node-uuid-1.4.7.tgz#6da5a17668c4b3dd59623bda11cf7fa4c1f60a6f"
  integrity sha1-baWhdmjEs91ZYjvaEc9/pMH2Cm8=

pegjs@0.9.0:
  version "0.9.0"
  resolved "https://registry.yarnpkg.com/pegjs/-/pegjs-0.9.0.tgz#f6aefa2e3ce56169208e52179dfe41f89141a369"
  integrity sha1-9q76LjzlYWkgjlIXnf5B+JFBo2k=

plist@1.2.0:
  version "1.2.0"
  resolved "https://registry.yarnpkg.com/plist/-/plist-1.2.0.tgz#084b5093ddc92506e259f874b8d9b1afb8c79593"
  integrity sha1-CEtQk93JJQbiWfh0uNmxr7jHlZM=
  dependencies:
    base64-js "0.0.8"
    util-deprecate "1.0.2"
    xmlbuilder "4.0.0"
    xmldom "0.1.x"

react-native-sqlite-storage@^3.3.10:
  version "3.3.10"
  resolved "https://registry.yarnpkg.com/react-native-sqlite-storage/-/react-native-sqlite-storage-3.3.10.tgz#b331de4ba61ec1f6223d28da4baff533bf4004cf"
  integrity sha512-t9NYXtiNz4C42og+gtJwTh+9K26Fl3qsUiLGresMxZrqvX5UR+M8nbnN69akTYW7KaSmOrebGI7npPKQ2WimJQ==
  dependencies:
    xcode "0.8.9"

simple-plist@0.1.4:
  version "0.1.4"
  resolved "https://registry.yarnpkg.com/simple-plist/-/simple-plist-0.1.4.tgz#10eb51b47e33c556eb8ec46d5ee64d64e717db5d"
  integrity sha1-EOtRtH4zxVbrjsRtXuZNZOcX210=
  dependencies:
    bplist-creator "0.0.4"
    bplist-parser "0.0.6"
    plist "1.2.0"

stream-buffers@~0.2.3:
  version "0.2.6"
  resolved "https://registry.yarnpkg.com/stream-buffers/-/stream-buffers-0.2.6.tgz#181c08d5bb3690045f69401b9ae6a7a0cf3313fc"
  integrity sha1-GBwI1bs2kARfaUAbmuanoM8zE/w=

typescript@^3.5.2:
  version "3.5.2"
  resolved "https://registry.yarnpkg.com/typescript/-/typescript-3.5.2.tgz#a09e1dc69bc9551cadf17dba10ee42cf55e5d56c"
  integrity sha512-7KxJovlYhTX5RaRbUdkAXN1KUZ8PwWlTzQdHV6xNqvuFOs7+WBo10TQUqT19Q/Jz2hk5v9TQDIhyLhhJY4p5AA==

util-deprecate@1.0.2:
  version "1.0.2"
  resolved "https://registry.yarnpkg.com/util-deprecate/-/util-deprecate-1.0.2.tgz#450d4dc9fa70de732762fbd2d4a28981419a0ccf"
  integrity sha1-RQ1Nyfpw3nMnYvvS1KKJgUGaDM8=

xcode@0.8.9:
  version "0.8.9"
  resolved "https://registry.yarnpkg.com/xcode/-/xcode-0.8.9.tgz#ec6765f70e9dccccc9f6e9a5b9b4e7e814b4cf35"
  integrity sha1-7Gdl9w6dzMzJ9umlubTn6BS0zzU=
  dependencies:
    node-uuid "1.4.7"
    pegjs "0.9.0"
    simple-plist "0.1.4"

xmlbuilder@4.0.0:
  version "4.0.0"
  resolved "https://registry.yarnpkg.com/xmlbuilder/-/xmlbuilder-4.0.0.tgz#98b8f651ca30aa624036f127d11cc66dc7b907a3"
  integrity sha1-mLj2UcowqmJANvEn0RzGbce5B6M=
  dependencies:
    lodash "^3.5.0"

xmldom@0.1.x:
  version "0.1.27"
  resolved "https://registry.yarnpkg.com/xmldom/-/xmldom-0.1.27.tgz#d501f97b3bdb403af8ef9ecc20573187aadac0e9"
  integrity sha1-1QH5ezvbQDr4757MIFcxh6rawOk=
